# This file is autogenerated, do not edit; changes may be undone by the next 'dep ensure'.


[[projects]]
  branch = "master"
  name = "github.com/dchest/blake2b"
  packages = ["."]
  revision = "06006a921c7d13e3fdf63c401cb0e4529a26e6e4"

[[projects]]
  branch = "master"
  name = "github.com/gotk3/gotk3"
  packages = ["cairo","gdk","glib","gtk","pango"]
  revision = "bc0518bd018dea9c2cdfef44fe95ff1e51d8f46b"

[[projects]]
  name = "github.com/nogoegst/balloon"
  packages = ["."]
  revision = "0cdb89b860fe8e09dc762b9d9310ea03919c2278"
  version = "v1.0.0"

[[projects]]
  name = "github.com/nogoegst/blake2xb"
  packages = ["."]
  revision = "c843f17c526477c1b35ae7298b60c2a61a6b7c1c"
  version = "v1.0.1"

[[projects]]
  name = "github.com/nogoegst/bulb"
  packages = ["."]
  revision = "72b4e31f8f9586520a39a659fb9d2e8e5719aacd"
  version = "v0.1.0"

[[projects]]
  name = "github.com/nogoegst/byteqr"
  packages = ["."]
  revision = "9d23e71a41649b1df7ca1f2333f4524cdd3f56f7"
  version = "v1.1.0"

[[projects]]
  name = "github.com/nogoegst/fileserver"
  packages = ["."]
  revision = "7e396b86f0337edd42c69924f38d570c81b7cbe6"
  version = "v1.0.0"

[[projects]]
  name = "github.com/nogoegst/onionutil"
  packages = [".","pkcs1","torparse"]
  revision = "9e6926af662d42994031766a93333fae5c3930b2"
  version = "v0.3.0"

[[projects]]
  name = "github.com/nogoegst/pickfs"
  packages = ["."]
  revision = "73a6d621480844a27c8595bc18224aff8bb2e01d"
  version = "v1.0.0"

[[projects]]
  branch = "master"
  name = "github.com/nogoegst/terminal"
  packages = ["."]
  revision = "90cba33d8a32322cee41842a14fd3eab525fa22c"

[[projects]]
  name = "github.com/nogoegst/tlspin"
  packages = [".","util"]
  revision = "b7cda914feb00ca997934507d676bfe070859c11"
  version = "v1.0.0"

[[projects]]
  branch = "master"
  name = "github.com/yawning/bulb"
  packages = ["utils","utils/pkcs1"]
  revision = "85d80d893c3d4a478b8c0abbc43f0ea13e1ce4f9"

[[projects]]
  branch = "master"
  name = "golang.org/x/crypto"
  packages = ["blake2b","ed25519","ed25519/internal/edwards25519","sha3"]
  revision = "9f005a07e0d31d45e6656d241bb5c0f2efd4bc94"

[[projects]]
  branch = "master"
  name = "golang.org/x/net"
  packages = ["proxy"]
  revision = "9dfe39835686865bff950a07b394c12a98ddc811"

[[projects]]
  branch = "master"
  name = "golang.org/x/sys"
  packages = ["unix"]
  revision = "0ac51a24ef1c37380f98ba8b98f56e3bffd59850"

[[projects]]
  branch = "master"
  name = "golang.org/x/tools"
  packages = ["godoc/vfs","godoc/vfs/httpfs","godoc/vfs/mapfs","godoc/vfs/zipfs"]
  revision = "6d70fb2e85323e81c89374331d3d2b93304faa36"

[[projects]]
  branch = "master"
  name = "rsc.io/qr"
  packages = [".","coding","gf256"]
  revision = "48b2ede4844e13f1a2b7ce4d2529c9af7e359fc5"

[solve-meta]
  analyzer-name = "dep"
  analyzer-version = 1
  inputs-digest = "6e4887aaf2fd7daa923b0412182a529e80add3ec2fb9919635befb8672c36ca0"
  solver-name = "gps-cdcl"
  solver-version = 1
