# This file is autogenerated, do not edit; changes may be undone by the next 'dep ensure'.


[[projects]]
  digest = "1:f370e2eebadc63e19fcfcfe8f69321cc148f2d149a5f4830243f7e7298b2695d"
  name = "github.com/dchest/blake2b"
  packages = ["."]
  pruneopts = "NUT"
  revision = "06006a921c7d13e3fdf63c401cb0e4529a26e6e4"
  version = "v1.0.0"

[[projects]]
  branch = "master"
  digest = "1:2164b8677836e88423e54095b3e5c7b235fce69fbce19b43c66e1bc40cb9fa03"
  name = "github.com/gotk3/gotk3"
  packages = [
    "cairo",
    "gdk",
    "glib",
    "gtk",
    "pango",
  ]
  pruneopts = "NUT"
  revision = "020531a77b59a5b3207bb81f482216cf459c49a5"

[[projects]]
  digest = "1:fc38dd34ea8b7ac748d6f24adb7c6c6439ff1200948e3d34a5a78008c0f439cc"
  name = "github.com/nogoegst/balloon"
  packages = ["."]
  pruneopts = "NUT"
  revision = "0cdb89b860fe8e09dc762b9d9310ea03919c2278"
  version = "v1.0.0"

[[projects]]
  digest = "1:5a2f29f97352128a591111f5e3ba7eae7f083c307b928e53587ecd86ab9830ab"
  name = "github.com/nogoegst/blake2xb"
  packages = ["."]
  pruneopts = "NUT"
  revision = "c843f17c526477c1b35ae7298b60c2a61a6b7c1c"
  version = "v1.0.1"

[[projects]]
  digest = "1:70fce086e29b8f909990461e0baddad32fd66f958dbab21c531ca9b3cf53885a"
  name = "github.com/nogoegst/byteqr"
  packages = ["."]
  pruneopts = "NUT"
  revision = "9d23e71a41649b1df7ca1f2333f4524cdd3f56f7"
  version = "v1.1.0"

[[projects]]
  digest = "1:8cf01f4f32d33d93b72cc133482733373243052aa68d168c8af672eac58642c4"
  name = "github.com/nogoegst/fileserver"
  packages = ["."]
  pruneopts = "NUT"
  revision = "7e396b86f0337edd42c69924f38d570c81b7cbe6"
  version = "v1.0.0"

[[projects]]
  digest = "1:033e03116b5e8d51b0000a47d732a9633d407d3753ee3de44aaeaefbd7b81400"
  name = "github.com/nogoegst/onionutil"
  packages = [
    ".",
    "pkcs1",
    "torparse",
  ]
  pruneopts = "NUT"
  revision = "9e6926af662d42994031766a93333fae5c3930b2"
  version = "v0.3.0"

[[projects]]
  digest = "1:88a6ac7b8cdbd5977b4d8e6af4d59bef719e036289981758ee1cf85b9640a036"
  name = "github.com/nogoegst/pickfs"
  packages = ["."]
  pruneopts = "NUT"
  revision = "b32e3d370c8725777e6ce81e22ccc9300db12c0f"
  version = "v1.1.0"

[[projects]]
  branch = "master"
  digest = "1:63495b98b985c6a966a30e693383e06fe2b9a2e0c548c3cfedd9f6a046e6c6e3"
  name = "github.com/nogoegst/terminal"
  packages = ["."]
  pruneopts = "NUT"
  revision = "90cba33d8a32322cee41842a14fd3eab525fa22c"

[[projects]]
  digest = "1:067930f237bfc22b61f599ceae80245bd412d5135bbde9606c53287b9b40204a"
  name = "github.com/nogoegst/tlspin"
  packages = [
    ".",
    "util",
  ]
  pruneopts = "NUT"
  revision = "7253c63bc0e7ea81ccd37584d16849da21be27ee"
  version = "v2.1.0"

[[projects]]
  digest = "1:e85997397df98de2355c6d7e05a4889935c37c72c5b164423b16c2836fb241b0"
  name = "github.com/yawning/bulb"
  packages = [
    ".",
    "utils",
    "utils/pkcs1",
  ]
  pruneopts = "NUT"
  revision = "72b4e31f8f9586520a39a659fb9d2e8e5719aacd"
  source = "github.com/nogoegst/bulb"
  version = "v0.1.0"

[[projects]]
  branch = "master"
  digest = "1:d677133c111a45d489db03aa17a892c681b4d7ec4e57687d114ab711baa007e7"
  name = "golang.org/x/crypto"
  packages = [
    "blake2b",
    "ed25519",
    "ed25519/internal/edwards25519",
    "sha3",
  ]
  pruneopts = "NUT"
  revision = "0e37d006457bf46f9e6692014ba72ef82c33022c"

[[projects]]
  branch = "master"
  digest = "1:8c520a50d95df847d7732e971616b443afb0d95c3be465e3952bfde515d4e47a"
  name = "golang.org/x/net"
  packages = [
    "internal/socks",
    "proxy",
  ]
  pruneopts = "NUT"
  revision = "161cd47e91fd58ac17490ef4d742dc98bb4cf60e"

[[projects]]
  branch = "master"
  digest = "1:e219452908b4779ea049011b734cd3097b519b070b686ccf150bff9a96df73a3"
  name = "golang.org/x/sys"
  packages = [
    "cpu",
    "unix",
  ]
  pruneopts = "NUT"
  revision = "d0be0721c37eeb5299f245a996a483160fc36940"

[[projects]]
  branch = "master"
  digest = "1:1539a7f8e2f7cd085dfde152a758f0b78a023cf0d48500ea0a3fd4b09f2d7e48"
  name = "golang.org/x/tools"
  packages = [
    "godoc/vfs",
    "godoc/vfs/httpfs",
    "godoc/vfs/mapfs",
    "godoc/vfs/zipfs",
  ]
  pruneopts = "NUT"
  revision = "18207bb12d3a3338e74403fed8ca1ba866dd3a57"

[[projects]]
  branch = "master"
  digest = "1:7623f89b7faa16aaffabe3a6236f7bec325ab9f7aa3d6bb9c25c0e1299be89da"
  name = "rsc.io/qr"
  packages = [
    ".",
    "coding",
    "gf256",
  ]
  pruneopts = "NUT"
  revision = "ca9a01fc2f9505024045632c50e5e8cd6142fafe"

[solve-meta]
  analyzer-name = "dep"
  analyzer-version = 1
  input-imports = [
    "github.com/gotk3/gotk3/gdk",
    "github.com/gotk3/gotk3/glib",
    "github.com/gotk3/gotk3/gtk",
    "github.com/nogoegst/byteqr",
    "github.com/nogoegst/fileserver",
    "github.com/nogoegst/onionutil",
    "github.com/nogoegst/terminal",
    "github.com/nogoegst/tlspin",
    "github.com/yawning/bulb",
    "golang.org/x/tools/godoc/vfs/httpfs",
    "golang.org/x/tools/godoc/vfs/mapfs",
    "rsc.io/qr",
  ]
  solver-name = "gps-cdcl"
  solver-version = 1
